
Microsoft Visual Studio Solution File, Format Version 12.00
# Visual Studio Version 17
VisualStudioVersion = 17.14.36202.13 d17.14
MinimumVisualStudioVersion = 10.0.40219.1
Project("{FAE04EC0-301F-11D3-BF4B-00C04F79EFBC}") = "TesMatematika", "TesMatematika\TesMatematika.csproj", "{13CBB6E5-B268-45FB-9A40-6133602CCD5C}"
EndProject
Project("{FAE04EC0-301F-11D3-BF4B-00C04F79EFBC}") = "MatematikaLibraries", "MatematikaLibraries\MatematikaLibraries.csproj", "{31E64D78-237C-4850-A58F-A0C80FE2086F}"
EndProject
Global
	GlobalSection(SolutionConfigurationPlatforms) = preSolution
		Debug|Any CPU = Debug|Any CPU
		Release|Any CPU = Release|Any CPU
	EndGlobalSection
	GlobalSection(ProjectConfigurationPlatforms) = postSolution
		{13CBB6E5-B268-45FB-9A40-6133602CCD5C}.Debug|Any CPU.ActiveCfg = Debug|Any CPU
		{13CBB6E5-B268-45FB-9A40-6133602CCD5C}.Debug|Any CPU.Build.0 = Debug|Any CPU
		{13CBB6E5-B268-45FB-9A40-6133602CCD5C}.Release|Any CPU.ActiveCfg = Release|Any CPU
		{13CBB6E5-B268-45FB-9A40-6133602CCD5C}.Release|Any CPU.Build.0 = Release|Any CPU
		{31E64D78-237C-4850-A58F-A0C80FE2086F}.Debug|Any CPU.ActiveCfg = Debug|Any CPU
		{31E64D78-237C-4850-A58F-A0C80FE2086F}.Debug|Any CPU.Build.0 = Debug|Any CPU
		{31E64D78-237C-4850-A58F-A0C80FE2086F}.Release|Any CPU.ActiveCfg = Release|Any CPU
		{31E64D78-237C-4850-A58F-A0C80FE2086F}.Release|Any CPU.Build.0 = Release|Any CPU
	EndGlobalSection
	GlobalSection(SolutionProperties) = preSolution
		HideSolutionNode = FALSE
	EndGlobalSection
	GlobalSection(ExtensibilityGlobals) = postSolution
		SolutionGuid = {9A65964B-0D98-4340-971E-2EAF2A86E441}
	EndGlobalSection
EndGlobal
