
Microsoft Visual Studio Solution File, Format Version 12.00
# Visual Studio Version 17
VisualStudioVersion = 17.14.36202.13 d17.14
MinimumVisualStudioVersion = 10.0.40219.1
Project("{FAE04EC0-301F-11D3-BF4B-00C04F79EFBC}") = "tpmodul13_2211104062", "tpmodul13_2211104062\tpmodul13_2211104062.csproj", "{11ADE1EE-1988-4838-AD1E-A3D62CCC83E7}"
EndProject
Global
	GlobalSection(SolutionConfigurationPlatforms) = preSolution
		Debug|Any CPU = Debug|Any CPU
		Release|Any CPU = Release|Any CPU
	EndGlobalSection
	GlobalSection(ProjectConfigurationPlatforms) = postSolution
		{11ADE1EE-1988-4838-AD1E-A3D62CCC83E7}.Debug|Any CPU.ActiveCfg = Debug|Any CPU
		{11ADE1EE-1988-4838-AD1E-A3D62CCC83E7}.Debug|Any CPU.Build.0 = Debug|Any CPU
		{11ADE1EE-1988-4838-AD1E-A3D62CCC83E7}.Release|Any CPU.ActiveCfg = Release|Any CPU
		{11ADE1EE-1988-4838-AD1E-A3D62CCC83E7}.Release|Any CPU.Build.0 = Release|Any CPU
	EndGlobalSection
	GlobalSection(SolutionProperties) = preSolution
		HideSolutionNode = FALSE
	EndGlobalSection
	GlobalSection(ExtensibilityGlobals) = postSolution
		SolutionGuid = {BF5BCA83-C162-4556-A9CF-86B50CAB353F}
	EndGlobalSection
EndGlobal
