
Microsoft Visual Studio Solution File, Format Version 12.00
# Visual Studio Version 17
VisualStudioVersion = 17.14.36202.13 d17.14
MinimumVisualStudioVersion = 10.0.40219.1
Project("{FAE04EC0-301F-11D3-BF4B-00C04F79EFBC}") = "tpmodul12_2211104062", "tpmodul12_2211104062\tpmodul12_2211104062.csproj", "{9C11DE4C-D461-4D3D-A36F-EE769121BDCB}"
EndProject
Project("{FAE04EC0-301F-11D3-BF4B-00C04F79EFBC}") = "UnitTesting", "UnitTesting\UnitTesting.csproj", "{EF90EEA1-1679-4677-86DD-E45B64096E4F}"
EndProject
Global
	GlobalSection(SolutionConfigurationPlatforms) = preSolution
		Debug|Any CPU = Debug|Any CPU
		Release|Any CPU = Release|Any CPU
	EndGlobalSection
	GlobalSection(ProjectConfigurationPlatforms) = postSolution
		{9C11DE4C-D461-4D3D-A36F-EE769121BDCB}.Debug|Any CPU.ActiveCfg = Debug|Any CPU
		{9C11DE4C-D461-4D3D-A36F-EE769121BDCB}.Debug|Any CPU.Build.0 = Debug|Any CPU
		{9C11DE4C-D461-4D3D-A36F-EE769121BDCB}.Release|Any CPU.ActiveCfg = Release|Any CPU
		{9C11DE4C-D461-4D3D-A36F-EE769121BDCB}.Release|Any CPU.Build.0 = Release|Any CPU
		{EF90EEA1-1679-4677-86DD-E45B64096E4F}.Debug|Any CPU.ActiveCfg = Debug|Any CPU
		{EF90EEA1-1679-4677-86DD-E45B64096E4F}.Debug|Any CPU.Build.0 = Debug|Any CPU
		{EF90EEA1-1679-4677-86DD-E45B64096E4F}.Release|Any CPU.ActiveCfg = Release|Any CPU
		{EF90EEA1-1679-4677-86DD-E45B64096E4F}.Release|Any CPU.Build.0 = Release|Any CPU
	EndGlobalSection
	GlobalSection(SolutionProperties) = preSolution
		HideSolutionNode = FALSE
	EndGlobalSection
	GlobalSection(ExtensibilityGlobals) = postSolution
		SolutionGuid = {68991C42-63B3-426F-BF4C-F55EFA99AF5B}
	EndGlobalSection
EndGlobal
